<?xml version="1.0" encoding="utf-8"?>
<Project ToolsVersion="4.0" xmlns="http://schemas.microsoft.com/developer/msbuild/2003">
  <ItemGroup>
    <Filter Include="Source files">
      <UniqueIdentifier>{89FBE6BF-0DC4-07A7-18A0-FEF78B2DD923}</UniqueIdentifier>
    </Filter>
    <Filter Include="Source files\StdDrivers">
      <UniqueIdentifier>{0AA5A590-05A4-056F-0356-D87B03743631}</UniqueIdentifier>
    </Filter>
    <Filter Include="Source files\StdObject">
      <UniqueIdentifier>{920006F3-02F0-11DE-0654-BD0669EFD7DF}</UniqueIdentifier>
    </Filter>
    <Filter Include="Source files\StdPersistent">
      <UniqueIdentifier>{45B003E2-16B4-0199-1354-218B1A335FB8}</UniqueIdentifier>
    </Filter>
    <Filter Include="Source files\ShapePersistent">
      <UniqueIdentifier>{D15BE98E-08D7-0CF5-0EDB-AE04A7B38A72}</UniqueIdentifier>
    </Filter>
  </ItemGroup>
  <ItemGroup>
    <ClCompile Include="..\..\..\src\StdDrivers\StdDrivers.cxx">
      <Filter>Source files\StdDrivers</Filter>
    </ClCompile>
    <ClCompile Include="..\..\..\src\StdDrivers\StdDrivers_DocumentRetrievalDriver.cxx">
      <Filter>Source files\StdDrivers</Filter>
    </ClCompile>
    <ClCompile Include="..\..\..\src\StdObject\StdObject_Location.cxx">
      <Filter>Source files\StdObject</Filter>
    </ClCompile>
    <ClCompile Include="..\..\..\src\StdObject\StdObject_Shape.cxx">
      <Filter>Source files\StdObject</Filter>
    </ClCompile>
    <ClCompile Include="..\..\..\src\StdPersistent\StdPersistent.cxx">
      <Filter>Source files\StdPersistent</Filter>
    </ClCompile>
    <ClCompile Include="..\..\..\src\StdPersistent\StdPersistent_DataXtd.cxx">
      <Filter>Source files\StdPersistent</Filter>
    </ClCompile>
    <ClCompile Include="..\..\..\src\StdPersistent\StdPersistent_DataXtd_Constraint.cxx">
      <Filter>Source files\StdPersistent</Filter>
    </ClCompile>
    <ClCompile Include="..\..\..\src\StdPersistent\StdPersistent_DataXtd_PatternStd.cxx">
      <Filter>Source files\StdPersistent</Filter>
    </ClCompile>
    <ClCompile Include="..\..\..\src\StdPersistent\StdPersistent_Naming.cxx">
      <Filter>Source files\StdPersistent</Filter>
    </ClCompile>
    <ClCompile Include="..\..\..\src\StdPersistent\StdPersistent_PPrsStd.cxx">
      <Filter>Source files\StdPersistent</Filter>
    </ClCompile>
    <ClCompile Include="..\..\..\src\StdPersistent\StdPersistent_TopLoc.cxx">
      <Filter>Source files\StdPersistent</Filter>
    </ClCompile>
    <ClCompile Include="..\..\..\src\ShapePersistent\ShapePersistent.cxx">
      <Filter>Source files\ShapePersistent</Filter>
    </ClCompile>
    <ClCompile Include="..\..\..\src\ShapePersistent\ShapePersistent_BRep.cxx">
      <Filter>Source files\ShapePersistent</Filter>
    </ClCompile>
    <ClCompile Include="..\..\..\src\ShapePersistent\ShapePersistent_Geom.cxx">
      <Filter>Source files\ShapePersistent</Filter>
    </ClCompile>
    <ClCompile Include="..\..\..\src\ShapePersistent\ShapePersistent_Geom2d_Curve.cxx">
      <Filter>Source files\ShapePersistent</Filter>
    </ClCompile>
    <ClCompile Include="..\..\..\src\ShapePersistent\ShapePersistent_Geom_Curve.cxx">
      <Filter>Source files\ShapePersistent</Filter>
    </ClCompile>
    <ClCompile Include="..\..\..\src\ShapePersistent\ShapePersistent_Geom_Surface.cxx">
      <Filter>Source files\ShapePersistent</Filter>
    </ClCompile>
    <ClCompile Include="..\..\..\src\ShapePersistent\ShapePersistent_HSequence.cxx">
      <Filter>Source files\ShapePersistent</Filter>
    </ClCompile>
    <ClCompile Include="..\..\..\src\ShapePersistent\ShapePersistent_Poly.cxx">
      <Filter>Source files\ShapePersistent</Filter>
    </ClCompile>
    <ClCompile Include="..\..\..\src\ShapePersistent\ShapePersistent_TopoDS.cxx">
      <Filter>Source files\ShapePersistent</Filter>
    </ClCompile>
  </ItemGroup>
  <ItemGroup>
    <ResourceCompile Include="TKStd.rc" />  </ItemGroup>
</Project>
