<?xml version="1.0" encoding="utf-8"?>
<Project ToolsVersion="4.0" xmlns="http://schemas.microsoft.com/developer/msbuild/2003">
  <ItemGroup>
    <Filter Include="Source files">
      <UniqueIdentifier>{815DC853-1160-197A-019A-207069B419C5}</UniqueIdentifier>
    </Filter>
    <Filter Include="Source files\IGESCAFControl">
      <UniqueIdentifier>{07EE849B-02E5-078E-0F49-5E00A67CA90B}</UniqueIdentifier>
    </Filter>
  </ItemGroup>
  <ItemGroup>
    <ClCompile Include="..\..\..\src\IGESCAFControl\IGESCAFControl.cxx">
      <Filter>Source files\IGESCAFControl</Filter>
    </ClCompile>
    <ClCompile Include="..\..\..\src\IGESCAFControl\IGESCAFControl_Reader.cxx">
      <Filter>Source files\IGESCAFControl</Filter>
    </ClCompile>
    <ClCompile Include="..\..\..\src\IGESCAFControl\IGESCAFControl_Writer.cxx">
      <Filter>Source files\IGESCAFControl</Filter>
    </ClCompile>
  </ItemGroup>
  <ItemGroup>
    <ResourceCompile Include="TKXDEIGES.rc" />  </ItemGroup>
</Project>
