Microsoft Visual Studio Solution File, Format Version 12.00
# Visual Studio 2012
Project("{8BC9CEB8-8B4A-11D0-8D11-00A0C91BC942}") = "TKCDF", "TKCDF.vcxproj", "{5F562CD1-0133-0DBC-0EBE-1B2D1F2F5782}"
EndProject
Project("{8BC9CEB8-8B4A-11D0-8D11-00A0C91BC942}") = "TKLCAF", "TKLCAF.vcxproj", "{1A3398B3-1452-1035-08D5-6A538992841B}"
	ProjectSection(ProjectDependencies) = postProject
		{5F562CD1-0133-0DBC-0EBE-1B2D1F2F5782} = {5F562CD1-0133-0DBC-0EBE-1B2D1F2F5782}
	EndProjectSection
EndProject
Project("{8BC9CEB8-8B4A-11D0-8D11-00A0C91BC942}") = "FWOSPlugin", "FWOSPlugin.vcxproj", "{1F28B50A-0DA4-007B-08BA-4B99CF5F0686}"
	ProjectSection(ProjectDependencies) = postProject
		{5F562CD1-0133-0DBC-0EBE-1B2D1F2F5782} = {5F562CD1-0133-0DBC-0EBE-1B2D1F2F5782}
	EndProjectSection
EndProject
Project("{8BC9CEB8-8B4A-11D0-8D11-00A0C91BC942}") = "TKCAF", "TKCAF.vcxproj", "{A56D8F4B-1764-131B-04D5-37F9AFE98413}"
	ProjectSection(ProjectDependencies) = postProject
		{5F562CD1-0133-0DBC-0EBE-1B2D1F2F5782} = {5F562CD1-0133-0DBC-0EBE-1B2D1F2F5782}
		{1A3398B3-1452-1035-08D5-6A538992841B} = {1A3398B3-1452-1035-08D5-6A538992841B}
	EndProjectSection
EndProject
Project("{8BC9CEB8-8B4A-11D0-8D11-00A0C91BC942}") = "TKBinL", "TKBinL.vcxproj", "{DE1B265C-0111-0878-0FBB-E7C280929C6F}"
	ProjectSection(ProjectDependencies) = postProject
		{5F562CD1-0133-0DBC-0EBE-1B2D1F2F5782} = {5F562CD1-0133-0DBC-0EBE-1B2D1F2F5782}
		{1A3398B3-1452-1035-08D5-6A538992841B} = {1A3398B3-1452-1035-08D5-6A538992841B}
	EndProjectSection
EndProject
Project("{8BC9CEB8-8B4A-11D0-8D11-00A0C91BC942}") = "TKXmlL", "TKXmlL.vcxproj", "{5C6332A7-08B8-0B5F-15B8-56F6664ACD48}"
	ProjectSection(ProjectDependencies) = postProject
		{5F562CD1-0133-0DBC-0EBE-1B2D1F2F5782} = {5F562CD1-0133-0DBC-0EBE-1B2D1F2F5782}
		{1A3398B3-1452-1035-08D5-6A538992841B} = {1A3398B3-1452-1035-08D5-6A538992841B}
	EndProjectSection
EndProject
Project("{8BC9CEB8-8B4A-11D0-8D11-00A0C91BC942}") = "TKStdL", "TKStdL.vcxproj", "{EB6C9712-0409-05A5-0A41-F62C03C39CD7}"
	ProjectSection(ProjectDependencies) = postProject
		{5F562CD1-0133-0DBC-0EBE-1B2D1F2F5782} = {5F562CD1-0133-0DBC-0EBE-1B2D1F2F5782}
		{1A3398B3-1452-1035-08D5-6A538992841B} = {1A3398B3-1452-1035-08D5-6A538992841B}
	EndProjectSection
EndProject
Project("{8BC9CEB8-8B4A-11D0-8D11-00A0C91BC942}") = "TKTObj", "TKTObj.vcxproj", "{6DFA1C43-10D7-081F-04D7-786049F95B6D}"
	ProjectSection(ProjectDependencies) = postProject
		{5F562CD1-0133-0DBC-0EBE-1B2D1F2F5782} = {5F562CD1-0133-0DBC-0EBE-1B2D1F2F5782}
		{1A3398B3-1452-1035-08D5-6A538992841B} = {1A3398B3-1452-1035-08D5-6A538992841B}
	EndProjectSection
EndProject
Project("{8BC9CEB8-8B4A-11D0-8D11-00A0C91BC942}") = "TKVCAF", "TKVCAF.vcxproj", "{E16287F0-09D2-158E-1822-A89CE9D5C3E8}"
	ProjectSection(ProjectDependencies) = postProject
		{5F562CD1-0133-0DBC-0EBE-1B2D1F2F5782} = {5F562CD1-0133-0DBC-0EBE-1B2D1F2F5782}
		{1A3398B3-1452-1035-08D5-6A538992841B} = {1A3398B3-1452-1035-08D5-6A538992841B}
		{A56D8F4B-1764-131B-04D5-37F9AFE98413} = {A56D8F4B-1764-131B-04D5-37F9AFE98413}
	EndProjectSection
EndProject
Project("{8BC9CEB8-8B4A-11D0-8D11-00A0C91BC942}") = "TKBin", "TKBin.vcxproj", "{30DF57E9-005A-12CB-10FF-9FDD6B81A4D7}"
	ProjectSection(ProjectDependencies) = postProject
		{A56D8F4B-1764-131B-04D5-37F9AFE98413} = {A56D8F4B-1764-131B-04D5-37F9AFE98413}
		{5F562CD1-0133-0DBC-0EBE-1B2D1F2F5782} = {5F562CD1-0133-0DBC-0EBE-1B2D1F2F5782}
		{1A3398B3-1452-1035-08D5-6A538992841B} = {1A3398B3-1452-1035-08D5-6A538992841B}
		{DE1B265C-0111-0878-0FBB-E7C280929C6F} = {DE1B265C-0111-0878-0FBB-E7C280929C6F}
	EndProjectSection
EndProject
Project("{8BC9CEB8-8B4A-11D0-8D11-00A0C91BC942}") = "TKXml", "TKXml.vcxproj", "{6D2ACC31-08BF-0872-14BE-9F6E92146550}"
	ProjectSection(ProjectDependencies) = postProject
		{5F562CD1-0133-0DBC-0EBE-1B2D1F2F5782} = {5F562CD1-0133-0DBC-0EBE-1B2D1F2F5782}
		{1A3398B3-1452-1035-08D5-6A538992841B} = {1A3398B3-1452-1035-08D5-6A538992841B}
		{A56D8F4B-1764-131B-04D5-37F9AFE98413} = {A56D8F4B-1764-131B-04D5-37F9AFE98413}
		{5C6332A7-08B8-0B5F-15B8-56F6664ACD48} = {5C6332A7-08B8-0B5F-15B8-56F6664ACD48}
	EndProjectSection
EndProject
Project("{8BC9CEB8-8B4A-11D0-8D11-00A0C91BC942}") = "TKStd", "TKStd.vcxproj", "{077CC549-08B5-1872-0D0B-4BFD8AF2A401}"
	ProjectSection(ProjectDependencies) = postProject
		{5F562CD1-0133-0DBC-0EBE-1B2D1F2F5782} = {5F562CD1-0133-0DBC-0EBE-1B2D1F2F5782}
		{A56D8F4B-1764-131B-04D5-37F9AFE98413} = {A56D8F4B-1764-131B-04D5-37F9AFE98413}
		{1A3398B3-1452-1035-08D5-6A538992841B} = {1A3398B3-1452-1035-08D5-6A538992841B}
		{EB6C9712-0409-05A5-0A41-F62C03C39CD7} = {EB6C9712-0409-05A5-0A41-F62C03C39CD7}
	EndProjectSection
EndProject
Project("{8BC9CEB8-8B4A-11D0-8D11-00A0C91BC942}") = "TKBinTObj", "TKBinTObj.vcxproj", "{ED553827-07A3-0711-032A-4E8491E14D49}"
	ProjectSection(ProjectDependencies) = postProject
		{5F562CD1-0133-0DBC-0EBE-1B2D1F2F5782} = {5F562CD1-0133-0DBC-0EBE-1B2D1F2F5782}
		{6DFA1C43-10D7-081F-04D7-786049F95B6D} = {6DFA1C43-10D7-081F-04D7-786049F95B6D}
		{1A3398B3-1452-1035-08D5-6A538992841B} = {1A3398B3-1452-1035-08D5-6A538992841B}
		{DE1B265C-0111-0878-0FBB-E7C280929C6F} = {DE1B265C-0111-0878-0FBB-E7C280929C6F}
	EndProjectSection
EndProject
Project("{8BC9CEB8-8B4A-11D0-8D11-00A0C91BC942}") = "TKXmlTObj", "TKXmlTObj.vcxproj", "{98FFDE9C-035E-03E2-0903-C51B50844CAA}"
	ProjectSection(ProjectDependencies) = postProject
		{5F562CD1-0133-0DBC-0EBE-1B2D1F2F5782} = {5F562CD1-0133-0DBC-0EBE-1B2D1F2F5782}
		{6DFA1C43-10D7-081F-04D7-786049F95B6D} = {6DFA1C43-10D7-081F-04D7-786049F95B6D}
		{1A3398B3-1452-1035-08D5-6A538992841B} = {1A3398B3-1452-1035-08D5-6A538992841B}
		{5C6332A7-08B8-0B5F-15B8-56F6664ACD48} = {5C6332A7-08B8-0B5F-15B8-56F6664ACD48}
	EndProjectSection
EndProject
Global
	GlobalSection(SolutionConfigurationPlatforms) = preSolution
		Debug|Win32 = Debug|Win32
		Release|Win32 = Release|Win32
		Debug|x64 = Debug|x64
		Release|x64 = Release|x64
	EndGlobalSection
	GlobalSection(ProjectConfigurationPlatforms) = postSolution
		{5F562CD1-0133-0DBC-0EBE-1B2D1F2F5782}.Debug|Win32.ActiveCfg = Debug|Win32
		{5F562CD1-0133-0DBC-0EBE-1B2D1F2F5782}.Debug|Win32.Build.0 = Debug|Win32
		{5F562CD1-0133-0DBC-0EBE-1B2D1F2F5782}.Release|Win32.ActiveCfg = Release|Win32
		{5F562CD1-0133-0DBC-0EBE-1B2D1F2F5782}.Release|Win32.Build.0 = Release|Win32
		{5F562CD1-0133-0DBC-0EBE-1B2D1F2F5782}.Debug|x64.ActiveCfg = Debug|x64
		{5F562CD1-0133-0DBC-0EBE-1B2D1F2F5782}.Debug|x64.Build.0 = Debug|x64
		{5F562CD1-0133-0DBC-0EBE-1B2D1F2F5782}.Release|x64.ActiveCfg = Release|x64
		{5F562CD1-0133-0DBC-0EBE-1B2D1F2F5782}.Release|x64.Build.0 = Release|x64
		{1A3398B3-1452-1035-08D5-6A538992841B}.Debug|Win32.ActiveCfg = Debug|Win32
		{1A3398B3-1452-1035-08D5-6A538992841B}.Debug|Win32.Build.0 = Debug|Win32
		{1A3398B3-1452-1035-08D5-6A538992841B}.Release|Win32.ActiveCfg = Release|Win32
		{1A3398B3-1452-1035-08D5-6A538992841B}.Release|Win32.Build.0 = Release|Win32
		{1A3398B3-1452-1035-08D5-6A538992841B}.Debug|x64.ActiveCfg = Debug|x64
		{1A3398B3-1452-1035-08D5-6A538992841B}.Debug|x64.Build.0 = Debug|x64
		{1A3398B3-1452-1035-08D5-6A538992841B}.Release|x64.ActiveCfg = Release|x64
		{1A3398B3-1452-1035-08D5-6A538992841B}.Release|x64.Build.0 = Release|x64
		{1F28B50A-0DA4-007B-08BA-4B99CF5F0686}.Debug|Win32.ActiveCfg = Debug|Win32
		{1F28B50A-0DA4-007B-08BA-4B99CF5F0686}.Debug|Win32.Build.0 = Debug|Win32
		{1F28B50A-0DA4-007B-08BA-4B99CF5F0686}.Release|Win32.ActiveCfg = Release|Win32
		{1F28B50A-0DA4-007B-08BA-4B99CF5F0686}.Release|Win32.Build.0 = Release|Win32
		{1F28B50A-0DA4-007B-08BA-4B99CF5F0686}.Debug|x64.ActiveCfg = Debug|x64
		{1F28B50A-0DA4-007B-08BA-4B99CF5F0686}.Debug|x64.Build.0 = Debug|x64
		{1F28B50A-0DA4-007B-08BA-4B99CF5F0686}.Release|x64.ActiveCfg = Release|x64
		{1F28B50A-0DA4-007B-08BA-4B99CF5F0686}.Release|x64.Build.0 = Release|x64
		{A56D8F4B-1764-131B-04D5-37F9AFE98413}.Debug|Win32.ActiveCfg = Debug|Win32
		{A56D8F4B-1764-131B-04D5-37F9AFE98413}.Debug|Win32.Build.0 = Debug|Win32
		{A56D8F4B-1764-131B-04D5-37F9AFE98413}.Release|Win32.ActiveCfg = Release|Win32
		{A56D8F4B-1764-131B-04D5-37F9AFE98413}.Release|Win32.Build.0 = Release|Win32
		{A56D8F4B-1764-131B-04D5-37F9AFE98413}.Debug|x64.ActiveCfg = Debug|x64
		{A56D8F4B-1764-131B-04D5-37F9AFE98413}.Debug|x64.Build.0 = Debug|x64
		{A56D8F4B-1764-131B-04D5-37F9AFE98413}.Release|x64.ActiveCfg = Release|x64
		{A56D8F4B-1764-131B-04D5-37F9AFE98413}.Release|x64.Build.0 = Release|x64
		{DE1B265C-0111-0878-0FBB-E7C280929C6F}.Debug|Win32.ActiveCfg = Debug|Win32
		{DE1B265C-0111-0878-0FBB-E7C280929C6F}.Debug|Win32.Build.0 = Debug|Win32
		{DE1B265C-0111-0878-0FBB-E7C280929C6F}.Release|Win32.ActiveCfg = Release|Win32
		{DE1B265C-0111-0878-0FBB-E7C280929C6F}.Release|Win32.Build.0 = Release|Win32
		{DE1B265C-0111-0878-0FBB-E7C280929C6F}.Debug|x64.ActiveCfg = Debug|x64
		{DE1B265C-0111-0878-0FBB-E7C280929C6F}.Debug|x64.Build.0 = Debug|x64
		{DE1B265C-0111-0878-0FBB-E7C280929C6F}.Release|x64.ActiveCfg = Release|x64
		{DE1B265C-0111-0878-0FBB-E7C280929C6F}.Release|x64.Build.0 = Release|x64
		{5C6332A7-08B8-0B5F-15B8-56F6664ACD48}.Debug|Win32.ActiveCfg = Debug|Win32
		{5C6332A7-08B8-0B5F-15B8-56F6664ACD48}.Debug|Win32.Build.0 = Debug|Win32
		{5C6332A7-08B8-0B5F-15B8-56F6664ACD48}.Release|Win32.ActiveCfg = Release|Win32
		{5C6332A7-08B8-0B5F-15B8-56F6664ACD48}.Release|Win32.Build.0 = Release|Win32
		{5C6332A7-08B8-0B5F-15B8-56F6664ACD48}.Debug|x64.ActiveCfg = Debug|x64
		{5C6332A7-08B8-0B5F-15B8-56F6664ACD48}.Debug|x64.Build.0 = Debug|x64
		{5C6332A7-08B8-0B5F-15B8-56F6664ACD48}.Release|x64.ActiveCfg = Release|x64
		{5C6332A7-08B8-0B5F-15B8-56F6664ACD48}.Release|x64.Build.0 = Release|x64
		{EB6C9712-0409-05A5-0A41-F62C03C39CD7}.Debug|Win32.ActiveCfg = Debug|Win32
		{EB6C9712-0409-05A5-0A41-F62C03C39CD7}.Debug|Win32.Build.0 = Debug|Win32
		{EB6C9712-0409-05A5-0A41-F62C03C39CD7}.Release|Win32.ActiveCfg = Release|Win32
		{EB6C9712-0409-05A5-0A41-F62C03C39CD7}.Release|Win32.Build.0 = Release|Win32
		{EB6C9712-0409-05A5-0A41-F62C03C39CD7}.Debug|x64.ActiveCfg = Debug|x64
		{EB6C9712-0409-05A5-0A41-F62C03C39CD7}.Debug|x64.Build.0 = Debug|x64
		{EB6C9712-0409-05A5-0A41-F62C03C39CD7}.Release|x64.ActiveCfg = Release|x64
		{EB6C9712-0409-05A5-0A41-F62C03C39CD7}.Release|x64.Build.0 = Release|x64
		{6DFA1C43-10D7-081F-04D7-786049F95B6D}.Debug|Win32.ActiveCfg = Debug|Win32
		{6DFA1C43-10D7-081F-04D7-786049F95B6D}.Debug|Win32.Build.0 = Debug|Win32
		{6DFA1C43-10D7-081F-04D7-786049F95B6D}.Release|Win32.ActiveCfg = Release|Win32
		{6DFA1C43-10D7-081F-04D7-786049F95B6D}.Release|Win32.Build.0 = Release|Win32
		{6DFA1C43-10D7-081F-04D7-786049F95B6D}.Debug|x64.ActiveCfg = Debug|x64
		{6DFA1C43-10D7-081F-04D7-786049F95B6D}.Debug|x64.Build.0 = Debug|x64
		{6DFA1C43-10D7-081F-04D7-786049F95B6D}.Release|x64.ActiveCfg = Release|x64
		{6DFA1C43-10D7-081F-04D7-786049F95B6D}.Release|x64.Build.0 = Release|x64
		{E16287F0-09D2-158E-1822-A89CE9D5C3E8}.Debug|Win32.ActiveCfg = Debug|Win32
		{E16287F0-09D2-158E-1822-A89CE9D5C3E8}.Debug|Win32.Build.0 = Debug|Win32
		{E16287F0-09D2-158E-1822-A89CE9D5C3E8}.Release|Win32.ActiveCfg = Release|Win32
		{E16287F0-09D2-158E-1822-A89CE9D5C3E8}.Release|Win32.Build.0 = Release|Win32
		{E16287F0-09D2-158E-1822-A89CE9D5C3E8}.Debug|x64.ActiveCfg = Debug|x64
		{E16287F0-09D2-158E-1822-A89CE9D5C3E8}.Debug|x64.Build.0 = Debug|x64
		{E16287F0-09D2-158E-1822-A89CE9D5C3E8}.Release|x64.ActiveCfg = Release|x64
		{E16287F0-09D2-158E-1822-A89CE9D5C3E8}.Release|x64.Build.0 = Release|x64
		{30DF57E9-005A-12CB-10FF-9FDD6B81A4D7}.Debug|Win32.ActiveCfg = Debug|Win32
		{30DF57E9-005A-12CB-10FF-9FDD6B81A4D7}.Debug|Win32.Build.0 = Debug|Win32
		{30DF57E9-005A-12CB-10FF-9FDD6B81A4D7}.Release|Win32.ActiveCfg = Release|Win32
		{30DF57E9-005A-12CB-10FF-9FDD6B81A4D7}.Release|Win32.Build.0 = Release|Win32
		{30DF57E9-005A-12CB-10FF-9FDD6B81A4D7}.Debug|x64.ActiveCfg = Debug|x64
		{30DF57E9-005A-12CB-10FF-9FDD6B81A4D7}.Debug|x64.Build.0 = Debug|x64
		{30DF57E9-005A-12CB-10FF-9FDD6B81A4D7}.Release|x64.ActiveCfg = Release|x64
		{30DF57E9-005A-12CB-10FF-9FDD6B81A4D7}.Release|x64.Build.0 = Release|x64
		{6D2ACC31-08BF-0872-14BE-9F6E92146550}.Debug|Win32.ActiveCfg = Debug|Win32
		{6D2ACC31-08BF-0872-14BE-9F6E92146550}.Debug|Win32.Build.0 = Debug|Win32
		{6D2ACC31-08BF-0872-14BE-9F6E92146550}.Release|Win32.ActiveCfg = Release|Win32
		{6D2ACC31-08BF-0872-14BE-9F6E92146550}.Release|Win32.Build.0 = Release|Win32
		{6D2ACC31-08BF-0872-14BE-9F6E92146550}.Debug|x64.ActiveCfg = Debug|x64
		{6D2ACC31-08BF-0872-14BE-9F6E92146550}.Debug|x64.Build.0 = Debug|x64
		{6D2ACC31-08BF-0872-14BE-9F6E92146550}.Release|x64.ActiveCfg = Release|x64
		{6D2ACC31-08BF-0872-14BE-9F6E92146550}.Release|x64.Build.0 = Release|x64
		{077CC549-08B5-1872-0D0B-4BFD8AF2A401}.Debug|Win32.ActiveCfg = Debug|Win32
		{077CC549-08B5-1872-0D0B-4BFD8AF2A401}.Debug|Win32.Build.0 = Debug|Win32
		{077CC549-08B5-1872-0D0B-4BFD8AF2A401}.Release|Win32.ActiveCfg = Release|Win32
		{077CC549-08B5-1872-0D0B-4BFD8AF2A401}.Release|Win32.Build.0 = Release|Win32
		{077CC549-08B5-1872-0D0B-4BFD8AF2A401}.Debug|x64.ActiveCfg = Debug|x64
		{077CC549-08B5-1872-0D0B-4BFD8AF2A401}.Debug|x64.Build.0 = Debug|x64
		{077CC549-08B5-1872-0D0B-4BFD8AF2A401}.Release|x64.ActiveCfg = Release|x64
		{077CC549-08B5-1872-0D0B-4BFD8AF2A401}.Release|x64.Build.0 = Release|x64
		{ED553827-07A3-0711-032A-4E8491E14D49}.Debug|Win32.ActiveCfg = Debug|Win32
		{ED553827-07A3-0711-032A-4E8491E14D49}.Debug|Win32.Build.0 = Debug|Win32
		{ED553827-07A3-0711-032A-4E8491E14D49}.Release|Win32.ActiveCfg = Release|Win32
		{ED553827-07A3-0711-032A-4E8491E14D49}.Release|Win32.Build.0 = Release|Win32
		{ED553827-07A3-0711-032A-4E8491E14D49}.Debug|x64.ActiveCfg = Debug|x64
		{ED553827-07A3-0711-032A-4E8491E14D49}.Debug|x64.Build.0 = Debug|x64
		{ED553827-07A3-0711-032A-4E8491E14D49}.Release|x64.ActiveCfg = Release|x64
		{ED553827-07A3-0711-032A-4E8491E14D49}.Release|x64.Build.0 = Release|x64
		{98FFDE9C-035E-03E2-0903-C51B50844CAA}.Debug|Win32.ActiveCfg = Debug|Win32
		{98FFDE9C-035E-03E2-0903-C51B50844CAA}.Debug|Win32.Build.0 = Debug|Win32
		{98FFDE9C-035E-03E2-0903-C51B50844CAA}.Release|Win32.ActiveCfg = Release|Win32
		{98FFDE9C-035E-03E2-0903-C51B50844CAA}.Release|Win32.Build.0 = Release|Win32
		{98FFDE9C-035E-03E2-0903-C51B50844CAA}.Debug|x64.ActiveCfg = Debug|x64
		{98FFDE9C-035E-03E2-0903-C51B50844CAA}.Debug|x64.Build.0 = Debug|x64
		{98FFDE9C-035E-03E2-0903-C51B50844CAA}.Release|x64.ActiveCfg = Release|x64
		{98FFDE9C-035E-03E2-0903-C51B50844CAA}.Release|x64.Build.0 = Release|x64
	EndGlobalSection
	GlobalSection(SolutionProperties) = preSolution
		HideSolutionNode = FALSE
	EndGlobalSection
EndGlobal
