<?xml version="1.0" encoding="utf-8"?>
<Project ToolsVersion="4.0" xmlns="http://schemas.microsoft.com/developer/msbuild/2003">
  <ItemGroup>
    <Filter Include="Source files">
      <UniqueIdentifier>{EC369BFF-003F-0FD4-02F8-46511C771F0D}</UniqueIdentifier>
    </Filter>
    <Filter Include="Source files\FSD">
      <UniqueIdentifier>{97A235A1-04F2-1540-1115-3B7247CBAA00}</UniqueIdentifier>
    </Filter>
    <Filter Include="Source files\MMgt">
      <UniqueIdentifier>{0620E135-0F37-00DA-02B4-0382F289F808}</UniqueIdentifier>
    </Filter>
    <Filter Include="Source files\OSD">
      <UniqueIdentifier>{FAEB8CD7-0571-16A7-0261-B9196432125A}</UniqueIdentifier>
    </Filter>
    <Filter Include="Source files\Plugin">
      <UniqueIdentifier>{52FAD17D-04F7-0E9C-0B08-FA1E54DD2604}</UniqueIdentifier>
    </Filter>
    <Filter Include="Source files\Quantity">
      <UniqueIdentifier>{EAEF5060-025C-08E8-037B-58B02093429A}</UniqueIdentifier>
    </Filter>
    <Filter Include="Source files\Resource">
      <UniqueIdentifier>{F98FD555-1009-049A-0971-CFBD0582CE26}</UniqueIdentifier>
    </Filter>
    <Filter Include="Source files\Standard">
      <UniqueIdentifier>{AC338406-0377-12CD-0D1D-9FFB512CBB94}</UniqueIdentifier>
    </Filter>
    <Filter Include="Source files\Storage">
      <UniqueIdentifier>{CF17142F-00E5-0886-0304-2C47D31FA313}</UniqueIdentifier>
    </Filter>
    <Filter Include="Source files\TColStd">
      <UniqueIdentifier>{0B4E9DC5-0F2A-1247-0D12-393D61ECD5F6}</UniqueIdentifier>
    </Filter>
    <Filter Include="Source files\TCollection">
      <UniqueIdentifier>{D334027F-0086-15AA-0C51-26E3D437AF62}</UniqueIdentifier>
    </Filter>
    <Filter Include="Source files\Units">
      <UniqueIdentifier>{DB7205B1-116A-0F66-0054-D6BBCFC44223}</UniqueIdentifier>
    </Filter>
    <Filter Include="Source files\UnitsAPI">
      <UniqueIdentifier>{D240A529-0D09-15A6-10A4-B856562C39E8}</UniqueIdentifier>
    </Filter>
    <Filter Include="Source files\Dico">
      <UniqueIdentifier>{8DE9EE0F-007B-0740-03E0-BCB28E6EA9D6}</UniqueIdentifier>
    </Filter>
    <Filter Include="Source files\NCollection">
      <UniqueIdentifier>{503349B5-0AAC-0359-18D9-1313CC78C580}</UniqueIdentifier>
    </Filter>
    <Filter Include="Source files\Message">
      <UniqueIdentifier>{EE9343E0-0231-1735-0349-7A0F5C86722F}</UniqueIdentifier>
    </Filter>
  </ItemGroup>
  <ItemGroup>
    <ClCompile Include="..\..\..\src\FSD\FSD_BinaryFile.cxx">
      <Filter>Source files\FSD</Filter>
    </ClCompile>
    <ClCompile Include="..\..\..\src\FSD\FSD_CmpFile.cxx">
      <Filter>Source files\FSD</Filter>
    </ClCompile>
    <ClCompile Include="..\..\..\src\FSD\FSD_File.cxx">
      <Filter>Source files\FSD</Filter>
    </ClCompile>
    <ClCompile Include="..\..\..\src\MMgt\MMgt_TShared.cxx">
      <Filter>Source files\MMgt</Filter>
    </ClCompile>
    <ClCompile Include="..\..\..\src\OSD\OSD.cxx">
      <Filter>Source files\OSD</Filter>
    </ClCompile>
    <ClCompile Include="..\..\..\src\OSD\OSD_Chronometer.cxx">
      <Filter>Source files\OSD</Filter>
    </ClCompile>
    <ClCompile Include="..\..\..\src\OSD\OSD_Directory.cxx">
      <Filter>Source files\OSD</Filter>
    </ClCompile>
    <ClCompile Include="..\..\..\src\OSD\OSD_DirectoryIterator.cxx">
      <Filter>Source files\OSD</Filter>
    </ClCompile>
    <ClCompile Include="..\..\..\src\OSD\OSD_Disk.cxx">
      <Filter>Source files\OSD</Filter>
    </ClCompile>
    <ClCompile Include="..\..\..\src\OSD\OSD_Environment.cxx">
      <Filter>Source files\OSD</Filter>
    </ClCompile>
    <ClCompile Include="..\..\..\src\OSD\OSD_Error.cxx">
      <Filter>Source files\OSD</Filter>
    </ClCompile>
    <ClCompile Include="..\..\..\src\OSD\OSD_File.cxx">
      <Filter>Source files\OSD</Filter>
    </ClCompile>
    <ClCompile Include="..\..\..\src\OSD\OSD_FileIterator.cxx">
      <Filter>Source files\OSD</Filter>
    </ClCompile>
    <ClCompile Include="..\..\..\src\OSD\OSD_FileNode.cxx">
      <Filter>Source files\OSD</Filter>
    </ClCompile>
    <ClCompile Include="..\..\..\src\OSD\OSD_Host.cxx">
      <Filter>Source files\OSD</Filter>
    </ClCompile>
    <ClCompile Include="..\..\..\src\OSD\OSD_MAllocHook.cxx">
      <Filter>Source files\OSD</Filter>
    </ClCompile>
    <ClCompile Include="..\..\..\src\OSD\OSD_MemInfo.cxx">
      <Filter>Source files\OSD</Filter>
    </ClCompile>
    <ClCompile Include="..\..\..\src\OSD\OSD_OpenFile.cxx">
      <Filter>Source files\OSD</Filter>
    </ClCompile>
    <ClCompile Include="..\..\..\src\OSD\OSD_Parallel.cxx">
      <Filter>Source files\OSD</Filter>
    </ClCompile>
    <ClCompile Include="..\..\..\src\OSD\OSD_Path.cxx">
      <Filter>Source files\OSD</Filter>
    </ClCompile>
    <ClCompile Include="..\..\..\src\OSD\OSD_PerfMeter.cxx">
      <Filter>Source files\OSD</Filter>
    </ClCompile>
    <ClCompile Include="..\..\..\src\OSD\OSD_Printer.cxx">
      <Filter>Source files\OSD</Filter>
    </ClCompile>
    <ClCompile Include="..\..\..\src\OSD\OSD_Process.cxx">
      <Filter>Source files\OSD</Filter>
    </ClCompile>
    <ClCompile Include="..\..\..\src\OSD\OSD_Protection.cxx">
      <Filter>Source files\OSD</Filter>
    </ClCompile>
    <ClCompile Include="..\..\..\src\OSD\OSD_SharedLibrary.cxx">
      <Filter>Source files\OSD</Filter>
    </ClCompile>
    <ClCompile Include="..\..\..\src\OSD\OSD_Thread.cxx">
      <Filter>Source files\OSD</Filter>
    </ClCompile>
    <ClCompile Include="..\..\..\src\OSD\OSD_Timer.cxx">
      <Filter>Source files\OSD</Filter>
    </ClCompile>
    <ClCompile Include="..\..\..\src\OSD\OSD_WNT.cxx">
      <Filter>Source files\OSD</Filter>
    </ClCompile>
    <ClCompile Include="..\..\..\src\OSD\OSD_signal.cxx">
      <Filter>Source files\OSD</Filter>
    </ClCompile>
    <ClCompile Include="..\..\..\src\OSD\OSD_signal_WNT.cxx">
      <Filter>Source files\OSD</Filter>
    </ClCompile>
    <ClCompile Include="..\..\..\src\Plugin\Plugin.cxx">
      <Filter>Source files\Plugin</Filter>
    </ClCompile>
    <ClCompile Include="..\..\..\src\Quantity\Quantity_Color.cxx">
      <Filter>Source files\Quantity</Filter>
    </ClCompile>
    <ClCompile Include="..\..\..\src\Quantity\Quantity_Convert.cxx">
      <Filter>Source files\Quantity</Filter>
    </ClCompile>
    <ClCompile Include="..\..\..\src\Quantity\Quantity_Date.cxx">
      <Filter>Source files\Quantity</Filter>
    </ClCompile>
    <ClCompile Include="..\..\..\src\Quantity\Quantity_Period.cxx">
      <Filter>Source files\Quantity</Filter>
    </ClCompile>
    <ClCompile Include="..\..\..\src\Resource\Resource_ConvertUnicode.c">
      <Filter>Source files\Resource</Filter>
    </ClCompile>
    <ClCompile Include="..\..\..\src\Resource\Resource_LexicalCompare.cxx">
      <Filter>Source files\Resource</Filter>
    </ClCompile>
    <ClCompile Include="..\..\..\src\Resource\Resource_Manager.cxx">
      <Filter>Source files\Resource</Filter>
    </ClCompile>
    <ClCompile Include="..\..\..\src\Resource\Resource_Unicode.cxx">
      <Filter>Source files\Resource</Filter>
    </ClCompile>
    <ClCompile Include="..\..\..\src\Standard\Standard.cxx">
      <Filter>Source files\Standard</Filter>
    </ClCompile>
    <ClCompile Include="..\..\..\src\Standard\Standard_CLocaleSentry.cxx">
      <Filter>Source files\Standard</Filter>
    </ClCompile>
    <ClCompile Include="..\..\..\src\Standard\Standard_CString.cxx">
      <Filter>Source files\Standard</Filter>
    </ClCompile>
    <ClCompile Include="..\..\..\src\Standard\Standard_ErrorHandler.cxx">
      <Filter>Source files\Standard</Filter>
    </ClCompile>
    <ClCompile Include="..\..\..\src\Standard\Standard_ErrorHandlerCallback.cxx">
      <Filter>Source files\Standard</Filter>
    </ClCompile>
    <ClCompile Include="..\..\..\src\Standard\Standard_ExtString.cxx">
      <Filter>Source files\Standard</Filter>
    </ClCompile>
    <ClCompile Include="..\..\..\src\Standard\Standard_Failure.cxx">
      <Filter>Source files\Standard</Filter>
    </ClCompile>
    <ClCompile Include="..\..\..\src\Standard\Standard_GUID.cxx">
      <Filter>Source files\Standard</Filter>
    </ClCompile>
    <ClCompile Include="..\..\..\src\Standard\Standard_MMgrOpt.cxx">
      <Filter>Source files\Standard</Filter>
    </ClCompile>
    <ClCompile Include="..\..\..\src\Standard\Standard_MMgrRaw.cxx">
      <Filter>Source files\Standard</Filter>
    </ClCompile>
    <ClCompile Include="..\..\..\src\Standard\Standard_MMgrRoot.cxx">
      <Filter>Source files\Standard</Filter>
    </ClCompile>
    <ClCompile Include="..\..\..\src\Standard\Standard_MMgrTBBalloc.cxx">
      <Filter>Source files\Standard</Filter>
    </ClCompile>
    <ClCompile Include="..\..\..\src\Standard\Standard_Mutex.cxx">
      <Filter>Source files\Standard</Filter>
    </ClCompile>
    <ClCompile Include="..\..\..\src\Standard\Standard_OutOfMemory.cxx">
      <Filter>Source files\Standard</Filter>
    </ClCompile>
    <ClCompile Include="..\..\..\src\Standard\Standard_Persistent.cxx">
      <Filter>Source files\Standard</Filter>
    </ClCompile>
    <ClCompile Include="..\..\..\src\Standard\Standard_Real.cxx">
      <Filter>Source files\Standard</Filter>
    </ClCompile>
    <ClCompile Include="..\..\..\src\Standard\Standard_SStream.cxx">
      <Filter>Source files\Standard</Filter>
    </ClCompile>
    <ClCompile Include="..\..\..\src\Standard\Standard_ShortReal.cxx">
      <Filter>Source files\Standard</Filter>
    </ClCompile>
    <ClCompile Include="..\..\..\src\Standard\Standard_Transient.cxx">
      <Filter>Source files\Standard</Filter>
    </ClCompile>
    <ClCompile Include="..\..\..\src\Standard\Standard_Type.cxx">
      <Filter>Source files\Standard</Filter>
    </ClCompile>
    <ClCompile Include="..\..\..\src\Standard\Standard_UUID.cxx">
      <Filter>Source files\Standard</Filter>
    </ClCompile>
    <ClCompile Include="..\..\..\src\Standard\Standard_math.cxx">
      <Filter>Source files\Standard</Filter>
    </ClCompile>
    <ClCompile Include="..\..\..\src\Storage\Storage.cxx">
      <Filter>Source files\Storage</Filter>
    </ClCompile>
    <ClCompile Include="..\..\..\src\Storage\Storage_BaseDriver.cxx">
      <Filter>Source files\Storage</Filter>
    </ClCompile>
    <ClCompile Include="..\..\..\src\Storage\Storage_CallBack.cxx">
      <Filter>Source files\Storage</Filter>
    </ClCompile>
    <ClCompile Include="..\..\..\src\Storage\Storage_Data.cxx">
      <Filter>Source files\Storage</Filter>
    </ClCompile>
    <ClCompile Include="..\..\..\src\Storage\Storage_DefaultCallBack.cxx">
      <Filter>Source files\Storage</Filter>
    </ClCompile>
    <ClCompile Include="..\..\..\src\Storage\Storage_HeaderData.cxx">
      <Filter>Source files\Storage</Filter>
    </ClCompile>
    <ClCompile Include="..\..\..\src\Storage\Storage_InternalData.cxx">
      <Filter>Source files\Storage</Filter>
    </ClCompile>
    <ClCompile Include="..\..\..\src\Storage\Storage_Root.cxx">
      <Filter>Source files\Storage</Filter>
    </ClCompile>
    <ClCompile Include="..\..\..\src\Storage\Storage_RootData.cxx">
      <Filter>Source files\Storage</Filter>
    </ClCompile>
    <ClCompile Include="..\..\..\src\Storage\Storage_Schema.cxx">
      <Filter>Source files\Storage</Filter>
    </ClCompile>
    <ClCompile Include="..\..\..\src\Storage\Storage_TypeData.cxx">
      <Filter>Source files\Storage</Filter>
    </ClCompile>
    <ClCompile Include="..\..\..\src\Storage\Storage_TypedCallBack.cxx">
      <Filter>Source files\Storage</Filter>
    </ClCompile>
    <ClCompile Include="..\..\..\src\Storage\Storage_stCONSTclCOM.cxx">
      <Filter>Source files\Storage</Filter>
    </ClCompile>
    <ClCompile Include="..\..\..\src\TColStd\TColStd_HPackedMapOfInteger.cxx">
      <Filter>Source files\TColStd</Filter>
    </ClCompile>
    <ClCompile Include="..\..\..\src\TColStd\TColStd_MapIteratorOfPackedMapOfInteger.cxx">
      <Filter>Source files\TColStd</Filter>
    </ClCompile>
    <ClCompile Include="..\..\..\src\TColStd\TColStd_PackedMapOfInteger.cxx">
      <Filter>Source files\TColStd</Filter>
    </ClCompile>
    <ClCompile Include="..\..\..\src\TCollection\TCollection.cxx">
      <Filter>Source files\TCollection</Filter>
    </ClCompile>
    <ClCompile Include="..\..\..\src\TCollection\TCollection_AsciiString.cxx">
      <Filter>Source files\TCollection</Filter>
    </ClCompile>
    <ClCompile Include="..\..\..\src\TCollection\TCollection_BaseSequence.cxx">
      <Filter>Source files\TCollection</Filter>
    </ClCompile>
    <ClCompile Include="..\..\..\src\TCollection\TCollection_BasicMap.cxx">
      <Filter>Source files\TCollection</Filter>
    </ClCompile>
    <ClCompile Include="..\..\..\src\TCollection\TCollection_BasicMapIterator.cxx">
      <Filter>Source files\TCollection</Filter>
    </ClCompile>
    <ClCompile Include="..\..\..\src\TCollection\TCollection_ExtendedString.cxx">
      <Filter>Source files\TCollection</Filter>
    </ClCompile>
    <ClCompile Include="..\..\..\src\TCollection\TCollection_HAsciiString.cxx">
      <Filter>Source files\TCollection</Filter>
    </ClCompile>
    <ClCompile Include="..\..\..\src\TCollection\TCollection_HExtendedString.cxx">
      <Filter>Source files\TCollection</Filter>
    </ClCompile>
    <ClCompile Include="..\..\..\src\TCollection\TCollection_MapNode.cxx">
      <Filter>Source files\TCollection</Filter>
    </ClCompile>
    <ClCompile Include="..\..\..\src\TCollection\TCollection_SeqNode.cxx">
      <Filter>Source files\TCollection</Filter>
    </ClCompile>
    <ClCompile Include="..\..\..\src\Units\Units.cxx">
      <Filter>Source files\Units</Filter>
    </ClCompile>
    <ClCompile Include="..\..\..\src\Units\Units_Dimensions.cxx">
      <Filter>Source files\Units</Filter>
    </ClCompile>
    <ClCompile Include="..\..\..\src\Units\Units_Explorer.cxx">
      <Filter>Source files\Units</Filter>
    </ClCompile>
    <ClCompile Include="..\..\..\src\Units\Units_Lexicon.cxx">
      <Filter>Source files\Units</Filter>
    </ClCompile>
    <ClCompile Include="..\..\..\src\Units\Units_MathSentence.cxx">
      <Filter>Source files\Units</Filter>
    </ClCompile>
    <ClCompile Include="..\..\..\src\Units\Units_Measurement.cxx">
      <Filter>Source files\Units</Filter>
    </ClCompile>
    <ClCompile Include="..\..\..\src\Units\Units_Quantity.cxx">
      <Filter>Source files\Units</Filter>
    </ClCompile>
    <ClCompile Include="..\..\..\src\Units\Units_Sentence.cxx">
      <Filter>Source files\Units</Filter>
    </ClCompile>
    <ClCompile Include="..\..\..\src\Units\Units_ShiftedToken.cxx">
      <Filter>Source files\Units</Filter>
    </ClCompile>
    <ClCompile Include="..\..\..\src\Units\Units_ShiftedUnit.cxx">
      <Filter>Source files\Units</Filter>
    </ClCompile>
    <ClCompile Include="..\..\..\src\Units\Units_Token.cxx">
      <Filter>Source files\Units</Filter>
    </ClCompile>
    <ClCompile Include="..\..\..\src\Units\Units_Unit.cxx">
      <Filter>Source files\Units</Filter>
    </ClCompile>
    <ClCompile Include="..\..\..\src\Units\Units_UnitSentence.cxx">
      <Filter>Source files\Units</Filter>
    </ClCompile>
    <ClCompile Include="..\..\..\src\Units\Units_UnitsDictionary.cxx">
      <Filter>Source files\Units</Filter>
    </ClCompile>
    <ClCompile Include="..\..\..\src\Units\Units_UnitsLexicon.cxx">
      <Filter>Source files\Units</Filter>
    </ClCompile>
    <ClCompile Include="..\..\..\src\Units\Units_UnitsSystem.cxx">
      <Filter>Source files\Units</Filter>
    </ClCompile>
    <ClCompile Include="..\..\..\src\UnitsAPI\UnitsAPI.cxx">
      <Filter>Source files\UnitsAPI</Filter>
    </ClCompile>
    <ClCompile Include="..\..\..\src\Dico\Dico_DictionaryOfInteger_0.cxx">
      <Filter>Source files\Dico</Filter>
    </ClCompile>
    <ClCompile Include="..\..\..\src\Dico\Dico_DictionaryOfTransient_0.cxx">
      <Filter>Source files\Dico</Filter>
    </ClCompile>
    <ClCompile Include="..\..\..\src\Dico\Dico_IteratorOfDictionaryOfInteger_0.cxx">
      <Filter>Source files\Dico</Filter>
    </ClCompile>
    <ClCompile Include="..\..\..\src\Dico\Dico_IteratorOfDictionaryOfTransient_0.cxx">
      <Filter>Source files\Dico</Filter>
    </ClCompile>
    <ClCompile Include="..\..\..\src\Dico\Dico_StackItemOfDictionaryOfInteger_0.cxx">
      <Filter>Source files\Dico</Filter>
    </ClCompile>
    <ClCompile Include="..\..\..\src\Dico\Dico_StackItemOfDictionaryOfTransient_0.cxx">
      <Filter>Source files\Dico</Filter>
    </ClCompile>
    <ClCompile Include="..\..\..\src\NCollection\NCollection_AccAllocator.cxx">
      <Filter>Source files\NCollection</Filter>
    </ClCompile>
    <ClCompile Include="..\..\..\src\NCollection\NCollection_AlignedAllocator.cxx">
      <Filter>Source files\NCollection</Filter>
    </ClCompile>
    <ClCompile Include="..\..\..\src\NCollection\NCollection_BaseAllocator.cxx">
      <Filter>Source files\NCollection</Filter>
    </ClCompile>
    <ClCompile Include="..\..\..\src\NCollection\NCollection_BaseList.cxx">
      <Filter>Source files\NCollection</Filter>
    </ClCompile>
    <ClCompile Include="..\..\..\src\NCollection\NCollection_BaseMap.cxx">
      <Filter>Source files\NCollection</Filter>
    </ClCompile>
    <ClCompile Include="..\..\..\src\NCollection\NCollection_BaseSequence.cxx">
      <Filter>Source files\NCollection</Filter>
    </ClCompile>
    <ClCompile Include="..\..\..\src\NCollection\NCollection_BaseVector.cxx">
      <Filter>Source files\NCollection</Filter>
    </ClCompile>
    <ClCompile Include="..\..\..\src\NCollection\NCollection_HeapAllocator.cxx">
      <Filter>Source files\NCollection</Filter>
    </ClCompile>
    <ClCompile Include="..\..\..\src\NCollection\NCollection_IncAllocator.cxx">
      <Filter>Source files\NCollection</Filter>
    </ClCompile>
    <ClCompile Include="..\..\..\src\NCollection\NCollection_SparseArrayBase.cxx">
      <Filter>Source files\NCollection</Filter>
    </ClCompile>
    <ClCompile Include="..\..\..\src\NCollection\NCollection_UtfString.cxx">
      <Filter>Source files\NCollection</Filter>
    </ClCompile>
    <ClCompile Include="..\..\..\src\NCollection\NCollection_WinHeapAllocator.cxx">
      <Filter>Source files\NCollection</Filter>
    </ClCompile>
    <ClCompile Include="..\..\..\src\Message\Message.cxx">
      <Filter>Source files\Message</Filter>
    </ClCompile>
    <ClCompile Include="..\..\..\src\Message\Message_Algorithm.cxx">
      <Filter>Source files\Message</Filter>
    </ClCompile>
    <ClCompile Include="..\..\..\src\Message\Message_Messenger.cxx">
      <Filter>Source files\Message</Filter>
    </ClCompile>
    <ClCompile Include="..\..\..\src\Message\Message_Msg.cxx">
      <Filter>Source files\Message</Filter>
    </ClCompile>
    <ClCompile Include="..\..\..\src\Message\Message_MsgFile.cxx">
      <Filter>Source files\Message</Filter>
    </ClCompile>
    <ClCompile Include="..\..\..\src\Message\Message_Printer.cxx">
      <Filter>Source files\Message</Filter>
    </ClCompile>
    <ClCompile Include="..\..\..\src\Message\Message_PrinterOStream.cxx">
      <Filter>Source files\Message</Filter>
    </ClCompile>
    <ClCompile Include="..\..\..\src\Message\Message_ProgressIndicator.cxx">
      <Filter>Source files\Message</Filter>
    </ClCompile>
    <ClCompile Include="..\..\..\src\Message\Message_ProgressScale.cxx">
      <Filter>Source files\Message</Filter>
    </ClCompile>
    <ClCompile Include="..\..\..\src\Message\Message_ProgressSentry.cxx">
      <Filter>Source files\Message</Filter>
    </ClCompile>
  </ItemGroup>
  <ItemGroup>
    <ResourceCompile Include="TKernel.rc" />  </ItemGroup>
</Project>
