<?xml version="1.0" encoding="utf-8"?>
<Project ToolsVersion="4.0" xmlns="http://schemas.microsoft.com/developer/msbuild/2003">
  <ItemGroup>
    <Filter Include="Source files">
      <UniqueIdentifier>{9CF84DC7-009F-058B-0914-25C4A69170ED}</UniqueIdentifier>
    </Filter>
    <Filter Include="Source files\Geom2d">
      <UniqueIdentifier>{8D125E5B-03A2-06D7-1915-6DFE805F88CC}</UniqueIdentifier>
    </Filter>
    <Filter Include="Source files\LProp">
      <UniqueIdentifier>{0E192B79-0AD6-121E-019E-C72B66F26B47}</UniqueIdentifier>
    </Filter>
    <Filter Include="Source files\Adaptor2d">
      <UniqueIdentifier>{6139AEF1-1693-0D02-16BB-0B14CE82F2DE}</UniqueIdentifier>
    </Filter>
    <Filter Include="Source files\Geom2dLProp">
      <UniqueIdentifier>{16F7A77D-18D7-035C-0265-9BE77177D302}</UniqueIdentifier>
    </Filter>
    <Filter Include="Source files\Geom2dAdaptor">
      <UniqueIdentifier>{BE303D05-0BB2-017C-07E7-BB97C6E96F85}</UniqueIdentifier>
    </Filter>
    <Filter Include="Source files\GProp">
      <UniqueIdentifier>{989D5608-01F7-0DAB-0637-F20322ABE408}</UniqueIdentifier>
    </Filter>
    <Filter Include="Source files\Geom2dEvaluator">
      <UniqueIdentifier>{07E54295-1809-0FDB-1857-A17DA23F452A}</UniqueIdentifier>
    </Filter>
  </ItemGroup>
  <ItemGroup>
    <ClCompile Include="..\..\..\src\Geom2d\Geom2d_AxisPlacement.cxx">
      <Filter>Source files\Geom2d</Filter>
    </ClCompile>
    <ClCompile Include="..\..\..\src\Geom2d\Geom2d_BSplineCurve.cxx">
      <Filter>Source files\Geom2d</Filter>
    </ClCompile>
    <ClCompile Include="..\..\..\src\Geom2d\Geom2d_BSplineCurve_1.cxx">
      <Filter>Source files\Geom2d</Filter>
    </ClCompile>
    <ClCompile Include="..\..\..\src\Geom2d\Geom2d_BezierCurve.cxx">
      <Filter>Source files\Geom2d</Filter>
    </ClCompile>
    <ClCompile Include="..\..\..\src\Geom2d\Geom2d_BoundedCurve.cxx">
      <Filter>Source files\Geom2d</Filter>
    </ClCompile>
    <ClCompile Include="..\..\..\src\Geom2d\Geom2d_CartesianPoint.cxx">
      <Filter>Source files\Geom2d</Filter>
    </ClCompile>
    <ClCompile Include="..\..\..\src\Geom2d\Geom2d_Circle.cxx">
      <Filter>Source files\Geom2d</Filter>
    </ClCompile>
    <ClCompile Include="..\..\..\src\Geom2d\Geom2d_Conic.cxx">
      <Filter>Source files\Geom2d</Filter>
    </ClCompile>
    <ClCompile Include="..\..\..\src\Geom2d\Geom2d_Curve.cxx">
      <Filter>Source files\Geom2d</Filter>
    </ClCompile>
    <ClCompile Include="..\..\..\src\Geom2d\Geom2d_Direction.cxx">
      <Filter>Source files\Geom2d</Filter>
    </ClCompile>
    <ClCompile Include="..\..\..\src\Geom2d\Geom2d_Ellipse.cxx">
      <Filter>Source files\Geom2d</Filter>
    </ClCompile>
    <ClCompile Include="..\..\..\src\Geom2d\Geom2d_Geometry.cxx">
      <Filter>Source files\Geom2d</Filter>
    </ClCompile>
    <ClCompile Include="..\..\..\src\Geom2d\Geom2d_Hyperbola.cxx">
      <Filter>Source files\Geom2d</Filter>
    </ClCompile>
    <ClCompile Include="..\..\..\src\Geom2d\Geom2d_Line.cxx">
      <Filter>Source files\Geom2d</Filter>
    </ClCompile>
    <ClCompile Include="..\..\..\src\Geom2d\Geom2d_OffsetCurve.cxx">
      <Filter>Source files\Geom2d</Filter>
    </ClCompile>
    <ClCompile Include="..\..\..\src\Geom2d\Geom2d_Parabola.cxx">
      <Filter>Source files\Geom2d</Filter>
    </ClCompile>
    <ClCompile Include="..\..\..\src\Geom2d\Geom2d_Point.cxx">
      <Filter>Source files\Geom2d</Filter>
    </ClCompile>
    <ClCompile Include="..\..\..\src\Geom2d\Geom2d_Transformation.cxx">
      <Filter>Source files\Geom2d</Filter>
    </ClCompile>
    <ClCompile Include="..\..\..\src\Geom2d\Geom2d_TrimmedCurve.cxx">
      <Filter>Source files\Geom2d</Filter>
    </ClCompile>
    <ClCompile Include="..\..\..\src\Geom2d\Geom2d_Vector.cxx">
      <Filter>Source files\Geom2d</Filter>
    </ClCompile>
    <ClCompile Include="..\..\..\src\Geom2d\Geom2d_VectorWithMagnitude.cxx">
      <Filter>Source files\Geom2d</Filter>
    </ClCompile>
    <ClCompile Include="..\..\..\src\LProp\LProp_AnalyticCurInf.cxx">
      <Filter>Source files\LProp</Filter>
    </ClCompile>
    <ClCompile Include="..\..\..\src\LProp\LProp_CurAndInf.cxx">
      <Filter>Source files\LProp</Filter>
    </ClCompile>
    <ClCompile Include="..\..\..\src\Adaptor2d\Adaptor2d_Curve2d.cxx">
      <Filter>Source files\Adaptor2d</Filter>
    </ClCompile>
    <ClCompile Include="..\..\..\src\Adaptor2d\Adaptor2d_HCurve2d.cxx">
      <Filter>Source files\Adaptor2d</Filter>
    </ClCompile>
    <ClCompile Include="..\..\..\src\Adaptor2d\Adaptor2d_HLine2d_0.cxx">
      <Filter>Source files\Adaptor2d</Filter>
    </ClCompile>
    <ClCompile Include="..\..\..\src\Adaptor2d\Adaptor2d_HOffsetCurve_0.cxx">
      <Filter>Source files\Adaptor2d</Filter>
    </ClCompile>
    <ClCompile Include="..\..\..\src\Adaptor2d\Adaptor2d_Line2d.cxx">
      <Filter>Source files\Adaptor2d</Filter>
    </ClCompile>
    <ClCompile Include="..\..\..\src\Adaptor2d\Adaptor2d_OffsetCurve.cxx">
      <Filter>Source files\Adaptor2d</Filter>
    </ClCompile>
    <ClCompile Include="..\..\..\src\Geom2dLProp\Geom2dLProp_CLProps2d_0.cxx">
      <Filter>Source files\Geom2dLProp</Filter>
    </ClCompile>
    <ClCompile Include="..\..\..\src\Geom2dLProp\Geom2dLProp_CurAndInf2d.cxx">
      <Filter>Source files\Geom2dLProp</Filter>
    </ClCompile>
    <ClCompile Include="..\..\..\src\Geom2dLProp\Geom2dLProp_Curve2dTool.cxx">
      <Filter>Source files\Geom2dLProp</Filter>
    </ClCompile>
    <ClCompile Include="..\..\..\src\Geom2dLProp\Geom2dLProp_FuncCurExt.cxx">
      <Filter>Source files\Geom2dLProp</Filter>
    </ClCompile>
    <ClCompile Include="..\..\..\src\Geom2dLProp\Geom2dLProp_FuncCurNul.cxx">
      <Filter>Source files\Geom2dLProp</Filter>
    </ClCompile>
    <ClCompile Include="..\..\..\src\Geom2dLProp\Geom2dLProp_NumericCurInf2d.cxx">
      <Filter>Source files\Geom2dLProp</Filter>
    </ClCompile>
    <ClCompile Include="..\..\..\src\Geom2dAdaptor\Geom2dAdaptor.cxx">
      <Filter>Source files\Geom2dAdaptor</Filter>
    </ClCompile>
    <ClCompile Include="..\..\..\src\Geom2dAdaptor\Geom2dAdaptor_Curve.cxx">
      <Filter>Source files\Geom2dAdaptor</Filter>
    </ClCompile>
    <ClCompile Include="..\..\..\src\Geom2dAdaptor\Geom2dAdaptor_GHCurve_0.cxx">
      <Filter>Source files\Geom2dAdaptor</Filter>
    </ClCompile>
    <ClCompile Include="..\..\..\src\Geom2dAdaptor\Geom2dAdaptor_HCurve.cxx">
      <Filter>Source files\Geom2dAdaptor</Filter>
    </ClCompile>
    <ClCompile Include="..\..\..\src\GProp\GProp.cxx">
      <Filter>Source files\GProp</Filter>
    </ClCompile>
    <ClCompile Include="..\..\..\src\GProp\GProp_CelGProps.cxx">
      <Filter>Source files\GProp</Filter>
    </ClCompile>
    <ClCompile Include="..\..\..\src\GProp\GProp_GProps.cxx">
      <Filter>Source files\GProp</Filter>
    </ClCompile>
    <ClCompile Include="..\..\..\src\GProp\GProp_PEquation.cxx">
      <Filter>Source files\GProp</Filter>
    </ClCompile>
    <ClCompile Include="..\..\..\src\GProp\GProp_PGProps.cxx">
      <Filter>Source files\GProp</Filter>
    </ClCompile>
    <ClCompile Include="..\..\..\src\GProp\GProp_PrincipalProps.cxx">
      <Filter>Source files\GProp</Filter>
    </ClCompile>
    <ClCompile Include="..\..\..\src\GProp\GProp_SelGProps.cxx">
      <Filter>Source files\GProp</Filter>
    </ClCompile>
    <ClCompile Include="..\..\..\src\GProp\GProp_VelGProps.cxx">
      <Filter>Source files\GProp</Filter>
    </ClCompile>
    <ClCompile Include="..\..\..\src\Geom2dEvaluator\Geom2dEvaluator_OffsetCurve.cxx">
      <Filter>Source files\Geom2dEvaluator</Filter>
    </ClCompile>
  </ItemGroup>
  <ItemGroup>
    <ResourceCompile Include="TKG2d.rc" />  </ItemGroup>
</Project>
