<?xml version="1.0" encoding="utf-8"?>
<Project ToolsVersion="4.0" xmlns="http://schemas.microsoft.com/developer/msbuild/2003">
  <ItemGroup>
    <Filter Include="Source files">
      <UniqueIdentifier>{7C3371C1-0332-1430-07F3-7985E244E966}</UniqueIdentifier>
    </Filter>
    <Filter Include="Source files\StdLDrivers">
      <UniqueIdentifier>{3739A10A-1436-0DC8-03DD-B42A4142450D}</UniqueIdentifier>
    </Filter>
    <Filter Include="Source files\StdLPersistent">
      <UniqueIdentifier>{C3920F1A-1175-141E-07E5-75863EC07412}</UniqueIdentifier>
    </Filter>
    <Filter Include="Source files\StdObjMgt">
      <UniqueIdentifier>{045D9E49-06D3-0D27-1441-1A2EB5F09F64}</UniqueIdentifier>
    </Filter>
  </ItemGroup>
  <ItemGroup>
    <ClCompile Include="..\..\..\src\StdLDrivers\StdLDrivers.cxx">
      <Filter>Source files\StdLDrivers</Filter>
    </ClCompile>
    <ClCompile Include="..\..\..\src\StdLDrivers\StdLDrivers_DocumentRetrievalDriver.cxx">
      <Filter>Source files\StdLDrivers</Filter>
    </ClCompile>
    <ClCompile Include="..\..\..\src\StdLPersistent\StdLPersistent.cxx">
      <Filter>Source files\StdLPersistent</Filter>
    </ClCompile>
    <ClCompile Include="..\..\..\src\StdLPersistent\StdLPersistent_Collection.cxx">
      <Filter>Source files\StdLPersistent</Filter>
    </ClCompile>
    <ClCompile Include="..\..\..\src\StdLPersistent\StdLPersistent_Data.cxx">
      <Filter>Source files\StdLPersistent</Filter>
    </ClCompile>
    <ClCompile Include="..\..\..\src\StdLPersistent\StdLPersistent_Dependency.cxx">
      <Filter>Source files\StdLPersistent</Filter>
    </ClCompile>
    <ClCompile Include="..\..\..\src\StdLPersistent\StdLPersistent_Document.cxx">
      <Filter>Source files\StdLPersistent</Filter>
    </ClCompile>
    <ClCompile Include="..\..\..\src\StdLPersistent\StdLPersistent_HArray1.cxx">
      <Filter>Source files\StdLPersistent</Filter>
    </ClCompile>
    <ClCompile Include="..\..\..\src\StdLPersistent\StdLPersistent_HArray2.cxx">
      <Filter>Source files\StdLPersistent</Filter>
    </ClCompile>
    <ClCompile Include="..\..\..\src\StdLPersistent\StdLPersistent_HString.cxx">
      <Filter>Source files\StdLPersistent</Filter>
    </ClCompile>
    <ClCompile Include="..\..\..\src\StdLPersistent\StdLPersistent_NamedData.cxx">
      <Filter>Source files\StdLPersistent</Filter>
    </ClCompile>
    <ClCompile Include="..\..\..\src\StdLPersistent\StdLPersistent_TreeNode.cxx">
      <Filter>Source files\StdLPersistent</Filter>
    </ClCompile>
    <ClCompile Include="..\..\..\src\StdLPersistent\StdLPersistent_Value.cxx">
      <Filter>Source files\StdLPersistent</Filter>
    </ClCompile>
    <ClCompile Include="..\..\..\src\StdObjMgt\StdObjMgt_MapOfInstantiators.cxx">
      <Filter>Source files\StdObjMgt</Filter>
    </ClCompile>
    <ClCompile Include="..\..\..\src\StdObjMgt\StdObjMgt_Persistent.cxx">
      <Filter>Source files\StdObjMgt</Filter>
    </ClCompile>
    <ClCompile Include="..\..\..\src\StdObjMgt\StdObjMgt_ReadData.cxx">
      <Filter>Source files\StdObjMgt</Filter>
    </ClCompile>
  </ItemGroup>
  <ItemGroup>
    <ResourceCompile Include="TKStdL.rc" />  </ItemGroup>
</Project>
