<?xml version="1.0" encoding="utf-8"?>
<Project ToolsVersion="4.0" xmlns="http://schemas.microsoft.com/developer/msbuild/2003">
  <ItemGroup>
    <Filter Include="Source files">
      <UniqueIdentifier>{46FC9FD7-0C4B-16AF-0C5F-D17D3974314C}</UniqueIdentifier>
    </Filter>
    <Filter Include="Source files\XSDRAW">
      <UniqueIdentifier>{5075D636-144B-05F6-027F-12C7CCFB4DB6}</UniqueIdentifier>
    </Filter>
    <Filter Include="Source files\XSDRAWIGES">
      <UniqueIdentifier>{AB0A9844-11DE-12AE-05A1-A84F29E540E3}</UniqueIdentifier>
    </Filter>
    <Filter Include="Source files\XSDRAWSTEP">
      <UniqueIdentifier>{06FDB23F-17EE-01A2-0317-80D65376F7EB}</UniqueIdentifier>
    </Filter>
    <Filter Include="Source files\XSDRAWSTLVRML">
      <UniqueIdentifier>{8E76FA62-0B57-0287-18FA-1DAC4F1B9B02}</UniqueIdentifier>
    </Filter>
  </ItemGroup>
  <ItemGroup>
    <ClCompile Include="..\..\..\src\XSDRAW\XSDRAW.cxx">
      <Filter>Source files\XSDRAW</Filter>
    </ClCompile>
    <ClCompile Include="..\..\..\src\XSDRAW\XSDRAW_Functions.cxx">
      <Filter>Source files\XSDRAW</Filter>
    </ClCompile>
    <ClCompile Include="..\..\..\src\XSDRAW\XSDRAW_Vars.cxx">
      <Filter>Source files\XSDRAW</Filter>
    </ClCompile>
    <ClCompile Include="..\..\..\src\XSDRAWIGES\XSDRAWIGES.cxx">
      <Filter>Source files\XSDRAWIGES</Filter>
    </ClCompile>
    <ClCompile Include="..\..\..\src\XSDRAWSTEP\XSDRAWSTEP.cxx">
      <Filter>Source files\XSDRAWSTEP</Filter>
    </ClCompile>
    <ClCompile Include="..\..\..\src\XSDRAWSTLVRML\XSDRAWSTLVRML.cxx">
      <Filter>Source files\XSDRAWSTLVRML</Filter>
    </ClCompile>
    <ClCompile Include="..\..\..\src\XSDRAWSTLVRML\XSDRAWSTLVRML_DataSource.cxx">
      <Filter>Source files\XSDRAWSTLVRML</Filter>
    </ClCompile>
    <ClCompile Include="..\..\..\src\XSDRAWSTLVRML\XSDRAWSTLVRML_DataSource3D.cxx">
      <Filter>Source files\XSDRAWSTLVRML</Filter>
    </ClCompile>
    <ClCompile Include="..\..\..\src\XSDRAWSTLVRML\XSDRAWSTLVRML_DrawableMesh.cxx">
      <Filter>Source files\XSDRAWSTLVRML</Filter>
    </ClCompile>
  </ItemGroup>
  <ItemGroup>
    <ResourceCompile Include="TKXSDRAW.rc" />  </ItemGroup>
</Project>
