<?xml version="1.0" encoding="utf-8"?>
<Project ToolsVersion="4.0" xmlns="http://schemas.microsoft.com/developer/msbuild/2003">
  <ItemGroup>
    <Filter Include="Source files">
      <UniqueIdentifier>{71097592-0A9E-0E78-13AF-482E4DD7D76E}</UniqueIdentifier>
    </Filter>
    <Filter Include="Source files\D3DHost">
      <UniqueIdentifier>{807EE240-07CA-0E08-0293-200A42819705}</UniqueIdentifier>
    </Filter>
  </ItemGroup>
  <ItemGroup>
    <ClCompile Include="..\..\..\src\D3DHost\D3DHost_FrameBuffer.cxx">
      <Filter>Source files\D3DHost</Filter>
    </ClCompile>
    <ClCompile Include="..\..\..\src\D3DHost\D3DHost_GraphicDriver.cxx">
      <Filter>Source files\D3DHost</Filter>
    </ClCompile>
    <ClCompile Include="..\..\..\src\D3DHost\D3DHost_View.cxx">
      <Filter>Source files\D3DHost</Filter>
    </ClCompile>
  </ItemGroup>
  <ItemGroup>
    <ResourceCompile Include="TKD3DHost.rc" />  </ItemGroup>
</Project>
