<?xml version="1.0" encoding="utf-8"?>
<Project ToolsVersion="4.0" xmlns="http://schemas.microsoft.com/developer/msbuild/2003">
  <ItemGroup>
    <Filter Include="Source files">
      <UniqueIdentifier>{1825D125-09FF-184A-147F-F07668EDC59C}</UniqueIdentifier>
    </Filter>
    <Filter Include="Source files\XBRepMesh">
      <UniqueIdentifier>{48C14098-1805-10C8-11A6-838DD0D387C7}</UniqueIdentifier>
    </Filter>
  </ItemGroup>
  <ItemGroup>
    <ClCompile Include="..\..\..\src\XBRepMesh\XBRepMesh.cxx">
      <Filter>Source files\XBRepMesh</Filter>
    </ClCompile>
  </ItemGroup>
  <ItemGroup>
    <ResourceCompile Include="TKXMesh.rc" />  </ItemGroup>
</Project>
